
Microsoft Visual Studio Solution File, Format Version 12.00
# Visual Studio Version 17
VisualStudioVersion = 17.0.31903.59
MinimumVisualStudioVersion = 10.0.40219.1
Project("{2150E333-8FDC-42A3-9474-1A3956D46DE8}") = "src", "src", "{827E0CD3-B72D-47B6-A68D-7590B98EB39B}"
EndProject
Project("{FAE04EC0-301F-11D3-BF4B-00C04F79EFBC}") = "DesfudenciFy.Domain", "src\DesfudenciFy.Domain\DesfudenciFy.Domain.csproj", "{46B6D6FF-7B32-430C-A08E-B2F170AE7539}"
EndProject
Project("{FAE04EC0-301F-11D3-BF4B-00C04F79EFBC}") = "DesfudenciFy.Application", "src\DesfudenciFy.Application\DesfudenciFy.Application.csproj", "{A6138743-E428-4DE0-8117-B676C7E5287A}"
EndProject
Project("{FAE04EC0-301F-11D3-BF4B-00C04F79EFBC}") = "DesfudenciFy.Infrastructure", "src\DesfudenciFy.Infrastructure\DesfudenciFy.Infrastructure.csproj", "{83639174-77B0-4328-BC8C-2677531A6ECE}"
EndProject
Project("{FAE04EC0-301F-11D3-BF4B-00C04F79EFBC}") = "DesfudenciFy.Api", "src\DesfudenciFy.Api\DesfudenciFy.Api.csproj", "{98387E90-1CB1-4F51-9B1F-6FB1EE20F459}"
EndProject
Project("{FAE04EC0-301F-11D3-BF4B-00C04F79EFBC}") = "DesfudenciFy.UnitTests", "tests\DesfudenciFy.UnitTests\DesfudenciFy.UnitTests.csproj", "{B9A49535-F7DE-406E-A59B-EF65166805EF}"
EndProject
Project("{2150E333-8FDC-42A3-9474-1A3956D46DE8}") = "tests", "tests", "{0AB3BF05-4346-4AA6-1389-037BE0695223}"
EndProject
Project("{FAE04EC0-301F-11D3-BF4B-00C04F79EFBC}") = "DesfudenciFy.IntegrationTests", "tests\DesfudenciFy.IntegrationTests\DesfudenciFy.IntegrationTests.csproj", "{5D96AE45-97F0-4FE3-A9C4-825ACDF9C2A8}"
EndProject
Project("{2150E333-8FDC-42A3-9474-1A3956D46DE8}") = "tools", "tools", "{07C2787E-EAC7-C090-1BA3-A61EC2A24D84}"
EndProject
Project("{FAE04EC0-301F-11D3-BF4B-00C04F79EFBC}") = "LegacyMigrator", "tools\LegacyMigrator\LegacyMigrator.csproj", "{8E442235-BF1F-4F61-A3A2-B548429BD4A1}"
EndProject
Global
	GlobalSection(SolutionConfigurationPlatforms) = preSolution
		Debug|Any CPU = Debug|Any CPU
		Debug|x64 = Debug|x64
		Debug|x86 = Debug|x86
		Release|Any CPU = Release|Any CPU
		Release|x64 = Release|x64
		Release|x86 = Release|x86
	EndGlobalSection
	GlobalSection(ProjectConfigurationPlatforms) = postSolution
		{46B6D6FF-7B32-430C-A08E-B2F170AE7539}.Debug|Any CPU.ActiveCfg = Debug|Any CPU
		{46B6D6FF-7B32-430C-A08E-B2F170AE7539}.Debug|Any CPU.Build.0 = Debug|Any CPU
		{46B6D6FF-7B32-430C-A08E-B2F170AE7539}.Debug|x64.ActiveCfg = Debug|Any CPU
		{46B6D6FF-7B32-430C-A08E-B2F170AE7539}.Debug|x64.Build.0 = Debug|Any CPU
		{46B6D6FF-7B32-430C-A08E-B2F170AE7539}.Debug|x86.ActiveCfg = Debug|Any CPU
		{46B6D6FF-7B32-430C-A08E-B2F170AE7539}.Debug|x86.Build.0 = Debug|Any CPU
		{46B6D6FF-7B32-430C-A08E-B2F170AE7539}.Release|Any CPU.ActiveCfg = Release|Any CPU
		{46B6D6FF-7B32-430C-A08E-B2F170AE7539}.Release|Any CPU.Build.0 = Release|Any CPU
		{46B6D6FF-7B32-430C-A08E-B2F170AE7539}.Release|x64.ActiveCfg = Release|Any CPU
		{46B6D6FF-7B32-430C-A08E-B2F170AE7539}.Release|x64.Build.0 = Release|Any CPU
		{46B6D6FF-7B32-430C-A08E-B2F170AE7539}.Release|x86.ActiveCfg = Release|Any CPU
		{46B6D6FF-7B32-430C-A08E-B2F170AE7539}.Release|x86.Build.0 = Release|Any CPU
		{A6138743-E428-4DE0-8117-B676C7E5287A}.Debug|Any CPU.ActiveCfg = Debug|Any CPU
		{A6138743-E428-4DE0-8117-B676C7E5287A}.Debug|Any CPU.Build.0 = Debug|Any CPU
		{A6138743-E428-4DE0-8117-B676C7E5287A}.Debug|x64.ActiveCfg = Debug|Any CPU
		{A6138743-E428-4DE0-8117-B676C7E5287A}.Debug|x64.Build.0 = Debug|Any CPU
		{A6138743-E428-4DE0-8117-B676C7E5287A}.Debug|x86.ActiveCfg = Debug|Any CPU
		{A6138743-E428-4DE0-8117-B676C7E5287A}.Debug|x86.Build.0 = Debug|Any CPU
		{A6138743-E428-4DE0-8117-B676C7E5287A}.Release|Any CPU.ActiveCfg = Release|Any CPU
		{A6138743-E428-4DE0-8117-B676C7E5287A}.Release|Any CPU.Build.0 = Release|Any CPU
		{A6138743-E428-4DE0-8117-B676C7E5287A}.Release|x64.ActiveCfg = Release|Any CPU
		{A6138743-E428-4DE0-8117-B676C7E5287A}.Release|x64.Build.0 = Release|Any CPU
		{A6138743-E428-4DE0-8117-B676C7E5287A}.Release|x86.ActiveCfg = Release|Any CPU
		{A6138743-E428-4DE0-8117-B676C7E5287A}.Release|x86.Build.0 = Release|Any CPU
		{83639174-77B0-4328-BC8C-2677531A6ECE}.Debug|Any CPU.ActiveCfg = Debug|Any CPU
		{83639174-77B0-4328-BC8C-2677531A6ECE}.Debug|Any CPU.Build.0 = Debug|Any CPU
		{83639174-77B0-4328-BC8C-2677531A6ECE}.Debug|x64.ActiveCfg = Debug|Any CPU
		{83639174-77B0-4328-BC8C-2677531A6ECE}.Debug|x64.Build.0 = Debug|Any CPU
		{83639174-77B0-4328-BC8C-2677531A6ECE}.Debug|x86.ActiveCfg = Debug|Any CPU
		{83639174-77B0-4328-BC8C-2677531A6ECE}.Debug|x86.Build.0 = Debug|Any CPU
		{83639174-77B0-4328-BC8C-2677531A6ECE}.Release|Any CPU.ActiveCfg = Release|Any CPU
		{83639174-77B0-4328-BC8C-2677531A6ECE}.Release|Any CPU.Build.0 = Release|Any CPU
		{83639174-77B0-4328-BC8C-2677531A6ECE}.Release|x64.ActiveCfg = Release|Any CPU
		{83639174-77B0-4328-BC8C-2677531A6ECE}.Release|x64.Build.0 = Release|Any CPU
		{83639174-77B0-4328-BC8C-2677531A6ECE}.Release|x86.ActiveCfg = Release|Any CPU
		{83639174-77B0-4328-BC8C-2677531A6ECE}.Release|x86.Build.0 = Release|Any CPU
		{98387E90-1CB1-4F51-9B1F-6FB1EE20F459}.Debug|Any CPU.ActiveCfg = Debug|Any CPU
		{98387E90-1CB1-4F51-9B1F-6FB1EE20F459}.Debug|Any CPU.Build.0 = Debug|Any CPU
		{98387E90-1CB1-4F51-9B1F-6FB1EE20F459}.Debug|x64.ActiveCfg = Debug|Any CPU
		{98387E90-1CB1-4F51-9B1F-6FB1EE20F459}.Debug|x64.Build.0 = Debug|Any CPU
		{98387E90-1CB1-4F51-9B1F-6FB1EE20F459}.Debug|x86.ActiveCfg = Debug|Any CPU
		{98387E90-1CB1-4F51-9B1F-6FB1EE20F459}.Debug|x86.Build.0 = Debug|Any CPU
		{98387E90-1CB1-4F51-9B1F-6FB1EE20F459}.Release|Any CPU.ActiveCfg = Release|Any CPU
		{98387E90-1CB1-4F51-9B1F-6FB1EE20F459}.Release|Any CPU.Build.0 = Release|Any CPU
		{98387E90-1CB1-4F51-9B1F-6FB1EE20F459}.Release|x64.ActiveCfg = Release|Any CPU
		{98387E90-1CB1-4F51-9B1F-6FB1EE20F459}.Release|x64.Build.0 = Release|Any CPU
		{98387E90-1CB1-4F51-9B1F-6FB1EE20F459}.Release|x86.ActiveCfg = Release|Any CPU
		{98387E90-1CB1-4F51-9B1F-6FB1EE20F459}.Release|x86.Build.0 = Release|Any CPU
		{B9A49535-F7DE-406E-A59B-EF65166805EF}.Debug|Any CPU.ActiveCfg = Debug|Any CPU
		{B9A49535-F7DE-406E-A59B-EF65166805EF}.Debug|Any CPU.Build.0 = Debug|Any CPU
		{B9A49535-F7DE-406E-A59B-EF65166805EF}.Debug|x64.ActiveCfg = Debug|Any CPU
		{B9A49535-F7DE-406E-A59B-EF65166805EF}.Debug|x64.Build.0 = Debug|Any CPU
		{B9A49535-F7DE-406E-A59B-EF65166805EF}.Debug|x86.ActiveCfg = Debug|Any CPU
		{B9A49535-F7DE-406E-A59B-EF65166805EF}.Debug|x86.Build.0 = Debug|Any CPU
		{B9A49535-F7DE-406E-A59B-EF65166805EF}.Release|Any CPU.ActiveCfg = Release|Any CPU
		{B9A49535-F7DE-406E-A59B-EF65166805EF}.Release|Any CPU.Build.0 = Release|Any CPU
		{B9A49535-F7DE-406E-A59B-EF65166805EF}.Release|x64.ActiveCfg = Release|Any CPU
		{B9A49535-F7DE-406E-A59B-EF65166805EF}.Release|x64.Build.0 = Release|Any CPU
		{B9A49535-F7DE-406E-A59B-EF65166805EF}.Release|x86.ActiveCfg = Release|Any CPU
		{B9A49535-F7DE-406E-A59B-EF65166805EF}.Release|x86.Build.0 = Release|Any CPU
		{5D96AE45-97F0-4FE3-A9C4-825ACDF9C2A8}.Debug|Any CPU.ActiveCfg = Debug|Any CPU
		{5D96AE45-97F0-4FE3-A9C4-825ACDF9C2A8}.Debug|Any CPU.Build.0 = Debug|Any CPU
		{5D96AE45-97F0-4FE3-A9C4-825ACDF9C2A8}.Debug|x64.ActiveCfg = Debug|Any CPU
		{5D96AE45-97F0-4FE3-A9C4-825ACDF9C2A8}.Debug|x64.Build.0 = Debug|Any CPU
		{5D96AE45-97F0-4FE3-A9C4-825ACDF9C2A8}.Debug|x86.ActiveCfg = Debug|Any CPU
		{5D96AE45-97F0-4FE3-A9C4-825ACDF9C2A8}.Debug|x86.Build.0 = Debug|Any CPU
		{5D96AE45-97F0-4FE3-A9C4-825ACDF9C2A8}.Release|Any CPU.ActiveCfg = Release|Any CPU
		{5D96AE45-97F0-4FE3-A9C4-825ACDF9C2A8}.Release|Any CPU.Build.0 = Release|Any CPU
		{5D96AE45-97F0-4FE3-A9C4-825ACDF9C2A8}.Release|x64.ActiveCfg = Release|Any CPU
		{5D96AE45-97F0-4FE3-A9C4-825ACDF9C2A8}.Release|x64.Build.0 = Release|Any CPU
		{5D96AE45-97F0-4FE3-A9C4-825ACDF9C2A8}.Release|x86.ActiveCfg = Release|Any CPU
		{5D96AE45-97F0-4FE3-A9C4-825ACDF9C2A8}.Release|x86.Build.0 = Release|Any CPU
		{8E442235-BF1F-4F61-A3A2-B548429BD4A1}.Debug|Any CPU.ActiveCfg = Debug|Any CPU
		{8E442235-BF1F-4F61-A3A2-B548429BD4A1}.Debug|Any CPU.Build.0 = Debug|Any CPU
		{8E442235-BF1F-4F61-A3A2-B548429BD4A1}.Debug|x64.ActiveCfg = Debug|Any CPU
		{8E442235-BF1F-4F61-A3A2-B548429BD4A1}.Debug|x64.Build.0 = Debug|Any CPU
		{8E442235-BF1F-4F61-A3A2-B548429BD4A1}.Debug|x86.ActiveCfg = Debug|Any CPU
		{8E442235-BF1F-4F61-A3A2-B548429BD4A1}.Debug|x86.Build.0 = Debug|Any CPU
		{8E442235-BF1F-4F61-A3A2-B548429BD4A1}.Release|Any CPU.ActiveCfg = Release|Any CPU
		{8E442235-BF1F-4F61-A3A2-B548429BD4A1}.Release|Any CPU.Build.0 = Release|Any CPU
		{8E442235-BF1F-4F61-A3A2-B548429BD4A1}.Release|x64.ActiveCfg = Release|Any CPU
		{8E442235-BF1F-4F61-A3A2-B548429BD4A1}.Release|x64.Build.0 = Release|Any CPU
		{8E442235-BF1F-4F61-A3A2-B548429BD4A1}.Release|x86.ActiveCfg = Release|Any CPU
		{8E442235-BF1F-4F61-A3A2-B548429BD4A1}.Release|x86.Build.0 = Release|Any CPU
	EndGlobalSection
	GlobalSection(SolutionProperties) = preSolution
		HideSolutionNode = FALSE
	EndGlobalSection
	GlobalSection(NestedProjects) = preSolution
		{46B6D6FF-7B32-430C-A08E-B2F170AE7539} = {827E0CD3-B72D-47B6-A68D-7590B98EB39B}
		{A6138743-E428-4DE0-8117-B676C7E5287A} = {827E0CD3-B72D-47B6-A68D-7590B98EB39B}
		{83639174-77B0-4328-BC8C-2677531A6ECE} = {827E0CD3-B72D-47B6-A68D-7590B98EB39B}
		{98387E90-1CB1-4F51-9B1F-6FB1EE20F459} = {827E0CD3-B72D-47B6-A68D-7590B98EB39B}
		{B9A49535-F7DE-406E-A59B-EF65166805EF} = {827E0CD3-B72D-47B6-A68D-7590B98EB39B}
		{5D96AE45-97F0-4FE3-A9C4-825ACDF9C2A8} = {0AB3BF05-4346-4AA6-1389-037BE0695223}
		{8E442235-BF1F-4F61-A3A2-B548429BD4A1} = {07C2787E-EAC7-C090-1BA3-A61EC2A24D84}
	EndGlobalSection
EndGlobal
